
Microsoft Visual Studio Solution File, Format Version 12.00
# Visual Studio Version 17
VisualStudioVersion = 17.3.32811.315
MinimumVisualStudioVersion = 10.0.40219.1
Project("{FAE04EC0-301F-11D3-BF4B-00C04F79EFBC}") = "Uppgift 5.3", "Uppgift 5.3\Uppgift 5.3.csproj", "{2D4A73F1-91CE-4669-B589-E715F2ACD14E}"
EndProject
Global
	GlobalSection(SolutionConfigurationPlatforms) = preSolution
		Debug|Any CPU = Debug|Any CPU
		Release|Any CPU = Release|Any CPU
	EndGlobalSection
	GlobalSection(ProjectConfigurationPlatforms) = postSolution
		{2D4A73F1-91CE-4669-B589-E715F2ACD14E}.Debug|Any CPU.ActiveCfg = Debug|Any CPU
		{2D4A73F1-91CE-4669-B589-E715F2ACD14E}.Debug|Any CPU.Build.0 = Debug|Any CPU
		{2D4A73F1-91CE-4669-B589-E715F2ACD14E}.Release|Any CPU.ActiveCfg = Release|Any CPU
		{2D4A73F1-91CE-4669-B589-E715F2ACD14E}.Release|Any CPU.Build.0 = Release|Any CPU
	EndGlobalSection
	GlobalSection(SolutionProperties) = preSolution
		HideSolutionNode = FALSE
	EndGlobalSection
	GlobalSection(ExtensibilityGlobals) = postSolution
		SolutionGuid = {012A1FEE-EEEC-4059-92F3-6669D877AFE0}
	EndGlobalSection
EndGlobal
